
Microsoft Visual Studio Solution File, Format Version 12.00
# Visual Studio Version 17
VisualStudioVersion = 17.9.34616.47
MinimumVisualStudioVersion = 10.0.40219.1
Project("{FAE04EC0-301F-11D3-BF4B-00C04F79EFBC}") = "TICservice", "TICservice\TICservice.csproj", "{3476FE8E-1E53-434A-A1CD-042BC33D4A52}"
EndProject
Global
	GlobalSection(SolutionConfigurationPlatforms) = preSolution
		Debug|Any CPU = Debug|Any CPU
		Release|Any CPU = Release|Any CPU
	EndGlobalSection
	GlobalSection(ProjectConfigurationPlatforms) = postSolution
		{3476FE8E-1E53-434A-A1CD-042BC33D4A52}.Debug|Any CPU.ActiveCfg = Debug|Any CPU
		{3476FE8E-1E53-434A-A1CD-042BC33D4A52}.Debug|Any CPU.Build.0 = Debug|Any CPU
		{3476FE8E-1E53-434A-A1CD-042BC33D4A52}.Release|Any CPU.ActiveCfg = Release|Any CPU
		{3476FE8E-1E53-434A-A1CD-042BC33D4A52}.Release|Any CPU.Build.0 = Release|Any CPU
	EndGlobalSection
	GlobalSection(SolutionProperties) = preSolution
		HideSolutionNode = FALSE
	EndGlobalSection
	GlobalSection(ExtensibilityGlobals) = postSolution
		SolutionGuid = {FF107F45-315B-47AF-9957-D12B42E116CC}
	EndGlobalSection
EndGlobal
